
Microsoft Visual Studio Solution File, Format Version 12.00
# Visual Studio Version 17
VisualStudioVersion = 17.6.33815.320
MinimumVisualStudioVersion = 10.0.40219.1
Project("{9A19103F-16F7-4668-BE54-9A1E7A4F7556}") = "datastruct_01", "datastruct_01.csproj", "{56E8951E-F9CF-47C9-89A3-9FF35941C63C}"
EndProject
Project("{9A19103F-16F7-4668-BE54-9A1E7A4F7556}") = "datastruct_02", "..\datastruct_02\datastruct_02.csproj", "{91323AAF-EE42-49B3-96C0-897ED2EF4CF5}"
EndProject
Global
	GlobalSection(SolutionConfigurationPlatforms) = preSolution
		Debug|Any CPU = Debug|Any CPU
		Release|Any CPU = Release|Any CPU
	EndGlobalSection
	GlobalSection(ProjectConfigurationPlatforms) = postSolution
		{56E8951E-F9CF-47C9-89A3-9FF35941C63C}.Debug|Any CPU.ActiveCfg = Debug|Any CPU
		{56E8951E-F9CF-47C9-89A3-9FF35941C63C}.Debug|Any CPU.Build.0 = Debug|Any CPU
		{56E8951E-F9CF-47C9-89A3-9FF35941C63C}.Release|Any CPU.ActiveCfg = Release|Any CPU
		{56E8951E-F9CF-47C9-89A3-9FF35941C63C}.Release|Any CPU.Build.0 = Release|Any CPU
		{91323AAF-EE42-49B3-96C0-897ED2EF4CF5}.Debug|Any CPU.ActiveCfg = Debug|Any CPU
		{91323AAF-EE42-49B3-96C0-897ED2EF4CF5}.Debug|Any CPU.Build.0 = Debug|Any CPU
		{91323AAF-EE42-49B3-96C0-897ED2EF4CF5}.Release|Any CPU.ActiveCfg = Release|Any CPU
		{91323AAF-EE42-49B3-96C0-897ED2EF4CF5}.Release|Any CPU.Build.0 = Release|Any CPU
	EndGlobalSection
	GlobalSection(SolutionProperties) = preSolution
		HideSolutionNode = FALSE
	EndGlobalSection
	GlobalSection(ExtensibilityGlobals) = postSolution
		SolutionGuid = {674532DD-6043-4BC7-860A-E9134668EB6E}
	EndGlobalSection
EndGlobal
