
Microsoft Visual Studio Solution File, Format Version 12.00
# Visual Studio Version 17
VisualStudioVersion = 17.6.33815.320
MinimumVisualStudioVersion = 10.0.40219.1
Project("{FAE04EC0-301F-11D3-BF4B-00C04F79EFBC}") = "date_time_01", "date_time_01.csproj", "{EF5FA7E6-ED64-45A1-ADEC-DA9CF676D341}"
EndProject
Project("{FAE04EC0-301F-11D3-BF4B-00C04F79EFBC}") = "date_time_02", "..\date_time_02\date_time_02.csproj", "{564FDFB3-434F-40B4-8731-363BB3CFC94D}"
EndProject
Project("{FAE04EC0-301F-11D3-BF4B-00C04F79EFBC}") = "date_time_03", "..\date_time_03\date_time_03.csproj", "{BA14D09F-A277-4CC9-AE87-D2829E999C2A}"
EndProject
Project("{FAE04EC0-301F-11D3-BF4B-00C04F79EFBC}") = "date_time_04", "..\date_time_04\date_time_04.csproj", "{FC150AD0-A36B-42D3-8093-22906C5ABAD8}"
EndProject
Project("{FAE04EC0-301F-11D3-BF4B-00C04F79EFBC}") = "date_time_05", "..\date_time_05\date_time_05.csproj", "{1DBD6EBA-60B9-4CD0-9C7D-2FCC90DE85A6}"
EndProject
Global
	GlobalSection(SolutionConfigurationPlatforms) = preSolution
		Debug|Any CPU = Debug|Any CPU
		Release|Any CPU = Release|Any CPU
	EndGlobalSection
	GlobalSection(ProjectConfigurationPlatforms) = postSolution
		{EF5FA7E6-ED64-45A1-ADEC-DA9CF676D341}.Debug|Any CPU.ActiveCfg = Debug|Any CPU
		{EF5FA7E6-ED64-45A1-ADEC-DA9CF676D341}.Debug|Any CPU.Build.0 = Debug|Any CPU
		{EF5FA7E6-ED64-45A1-ADEC-DA9CF676D341}.Release|Any CPU.ActiveCfg = Release|Any CPU
		{EF5FA7E6-ED64-45A1-ADEC-DA9CF676D341}.Release|Any CPU.Build.0 = Release|Any CPU
		{564FDFB3-434F-40B4-8731-363BB3CFC94D}.Debug|Any CPU.ActiveCfg = Debug|Any CPU
		{564FDFB3-434F-40B4-8731-363BB3CFC94D}.Debug|Any CPU.Build.0 = Debug|Any CPU
		{564FDFB3-434F-40B4-8731-363BB3CFC94D}.Release|Any CPU.ActiveCfg = Release|Any CPU
		{564FDFB3-434F-40B4-8731-363BB3CFC94D}.Release|Any CPU.Build.0 = Release|Any CPU
		{BA14D09F-A277-4CC9-AE87-D2829E999C2A}.Debug|Any CPU.ActiveCfg = Debug|Any CPU
		{BA14D09F-A277-4CC9-AE87-D2829E999C2A}.Debug|Any CPU.Build.0 = Debug|Any CPU
		{BA14D09F-A277-4CC9-AE87-D2829E999C2A}.Release|Any CPU.ActiveCfg = Release|Any CPU
		{BA14D09F-A277-4CC9-AE87-D2829E999C2A}.Release|Any CPU.Build.0 = Release|Any CPU
		{FC150AD0-A36B-42D3-8093-22906C5ABAD8}.Debug|Any CPU.ActiveCfg = Debug|Any CPU
		{FC150AD0-A36B-42D3-8093-22906C5ABAD8}.Debug|Any CPU.Build.0 = Debug|Any CPU
		{FC150AD0-A36B-42D3-8093-22906C5ABAD8}.Release|Any CPU.ActiveCfg = Release|Any CPU
		{FC150AD0-A36B-42D3-8093-22906C5ABAD8}.Release|Any CPU.Build.0 = Release|Any CPU
		{1DBD6EBA-60B9-4CD0-9C7D-2FCC90DE85A6}.Debug|Any CPU.ActiveCfg = Debug|Any CPU
		{1DBD6EBA-60B9-4CD0-9C7D-2FCC90DE85A6}.Debug|Any CPU.Build.0 = Debug|Any CPU
		{1DBD6EBA-60B9-4CD0-9C7D-2FCC90DE85A6}.Release|Any CPU.ActiveCfg = Release|Any CPU
		{1DBD6EBA-60B9-4CD0-9C7D-2FCC90DE85A6}.Release|Any CPU.Build.0 = Release|Any CPU
	EndGlobalSection
	GlobalSection(SolutionProperties) = preSolution
		HideSolutionNode = FALSE
	EndGlobalSection
	GlobalSection(ExtensibilityGlobals) = postSolution
		SolutionGuid = {482E2FFF-0624-42FD-A76E-0C4321B8193D}
	EndGlobalSection
EndGlobal
